// !$*UTF8*$!
{
	archiveVersion = 1;
	classes = {
	};
	objectVersion = 56;
	objects = {

/* Begin PBXBuildFile section */
		D60DF0E82ACF23A0007EC803 /* AppDelegate.swift in Sources */ = {isa = PBXBuildFile; fileRef = D60DF0E72ACF23A0007EC803 /* AppDelegate.swift */; };
		D60DF0EA2ACF23A0007EC803 /* SceneDelegate.swift in Sources */ = {isa = PBXBuildFile; fileRef = D60DF0E92ACF23A0007EC803 /* SceneDelegate.swift */; };
		D60DF0EC2ACF23A0007EC803 /* HomeViewController.swift in Sources */ = {isa = PBXBuildFile; fileRef = D60DF0EB2ACF23A0007EC803 /* HomeViewController.swift */; };
		D60DF0EF2ACF23A0007EC803 /* Main.storyboard in Resources */ = {isa = PBXBuildFile; fileRef = D60DF0ED2ACF23A0007EC803 /* Main.storyboard */; };
		D60DF0F12ACF23A0007EC803 /* Assets.xcassets in Resources */ = {isa = PBXBuildFile; fileRef = D60DF0F02ACF23A0007EC803 /* Assets.xcassets */; };
		D60DF0F42ACF23A0007EC803 /* LaunchScreen.storyboard in Resources */ = {isa = PBXBuildFile; fileRef = D60DF0F22ACF23A0007EC803 /* LaunchScreen.storyboard */; };
		D61418392AD566180001BFB1 /* EmojiDataModel.swift in Sources */ = {isa = PBXBuildFile; fileRef = D61418382AD566180001BFB1 /* EmojiDataModel.swift */; };
		D614183B2AD56F000001BFB1 /* ErrorResponse.swift in Sources */ = {isa = PBXBuildFile; fileRef = D614183A2AD56F000001BFB1 /* ErrorResponse.swift */; };
		D614183E2AD576E30001BFB1 /* CategoryCollectionViewCell.swift in Sources */ = {isa = PBXBuildFile; fileRef = D614183D2AD576E30001BFB1 /* CategoryCollectionViewCell.swift */; };
		D61418432AD5ECE00001BFB1 /* ApiService.swift in Sources */ = {isa = PBXBuildFile; fileRef = D61418422AD5ECE00001BFB1 /* ApiService.swift */; };
		D61E78D62AD365E3002A6B2C /* SearchViewController.swift in Sources */ = {isa = PBXBuildFile; fileRef = D61E78D52AD365E3002A6B2C /* SearchViewController.swift */; };
		D646D7F02AD8AEF1003E26B0 /* NetworkParams.swift in Sources */ = {isa = PBXBuildFile; fileRef = D646D7EF2AD8AEF1003E26B0 /* NetworkParams.swift */; };
/* End PBXBuildFile section */

/* Begin PBXFileReference section */
		D60DF0E42ACF23A0007EC803 /* Emoji Meaning.app */ = {isa = PBXFileReference; explicitFileType = wrapper.application; includeInIndex = 0; path = "Emoji Meaning.app"; sourceTree = BUILT_PRODUCTS_DIR; };
		D60DF0E72ACF23A0007EC803 /* AppDelegate.swift */ = {isa = PBXFileReference; lastKnownFileType = sourcecode.swift; path = AppDelegate.swift; sourceTree = "<group>"; };
		D60DF0E92ACF23A0007EC803 /* SceneDelegate.swift */ = {isa = PBXFileReference; lastKnownFileType = sourcecode.swift; path = SceneDelegate.swift; sourceTree = "<group>"; };
		D60DF0EB2ACF23A0007EC803 /* HomeViewController.swift */ = {isa = PBXFileReference; lastKnownFileType = sourcecode.swift; path = HomeViewController.swift; sourceTree = "<group>"; };
		D60DF0EE2ACF23A0007EC803 /* Base */ = {isa = PBXFileReference; lastKnownFileType = file.storyboard; name = Base; path = Base.lproj/Main.storyboard; sourceTree = "<group>"; };
		D60DF0F02ACF23A0007EC803 /* Assets.xcassets */ = {isa = PBXFileReference; lastKnownFileType = folder.assetcatalog; path = Assets.xcassets; sourceTree = "<group>"; };
		D60DF0F32ACF23A0007EC803 /* Base */ = {isa = PBXFileReference; lastKnownFileType = file.storyboard; name = Base; path = Base.lproj/LaunchScreen.storyboard; sourceTree = "<group>"; };
		D60DF0F52ACF23A0007EC803 /* Info.plist */ = {isa = PBXFileReference; lastKnownFileType = text.plist.xml; path = Info.plist; sourceTree = "<group>"; };
		D61418382AD566180001BFB1 /* EmojiDataModel.swift */ = {isa = PBXFileReference; lastKnownFileType = sourcecode.swift; path = EmojiDataModel.swift; sourceTree = "<group>"; };
		D614183A2AD56F000001BFB1 /* ErrorResponse.swift */ = {isa = PBXFileReference; lastKnownFileType = sourcecode.swift; path = ErrorResponse.swift; sourceTree = "<group>"; };
		D614183D2AD576E30001BFB1 /* CategoryCollectionViewCell.swift */ = {isa = PBXFileReference; lastKnownFileType = sourcecode.swift; path = CategoryCollectionViewCell.swift; sourceTree = "<group>"; };
		D61418422AD5ECE00001BFB1 /* ApiService.swift */ = {isa = PBXFileReference; lastKnownFileType = sourcecode.swift; path = ApiService.swift; sourceTree = "<group>"; };
		D61E78D52AD365E3002A6B2C /* SearchViewController.swift */ = {isa = PBXFileReference; lastKnownFileType = sourcecode.swift; path = SearchViewController.swift; sourceTree = "<group>"; };
		D626F5932ADADD49004D897F /* Smiley-and-PeopleDataset.json */ = {isa = PBXFileReference; lastKnownFileType = text.json; path = "Smiley-and-PeopleDataset.json"; sourceTree = "<group>"; };
		D646D7EF2AD8AEF1003E26B0 /* NetworkParams.swift */ = {isa = PBXFileReference; lastKnownFileType = sourcecode.swift; path = NetworkParams.swift; sourceTree = "<group>"; };
		D65A0A6A2ADB41AE002C309C /* Animal-and-NatureDataset.json */ = {isa = PBXFileReference; lastKnownFileType = text.json; path = "Animal-and-NatureDataset.json"; sourceTree = "<group>"; };
		D65A0A6B2ADB41E3002C309C /* Food-and-DrinkDataset.json */ = {isa = PBXFileReference; lastKnownFileType = text.json; path = "Food-and-DrinkDataset.json"; sourceTree = "<group>"; };
		D65A0A6C2ADB41F1002C309C /* ActivityDataset.json */ = {isa = PBXFileReference; lastKnownFileType = text.json; path = ActivityDataset.json; sourceTree = "<group>"; };
		D65A0A6D2ADB421E002C309C /* Travel-and-PlacesDataset.json */ = {isa = PBXFileReference; lastKnownFileType = text.json; path = "Travel-and-PlacesDataset.json"; sourceTree = "<group>"; };
		D65A0A6E2ADB422C002C309C /* ObjectsDataset.json */ = {isa = PBXFileReference; lastKnownFileType = text.json; path = ObjectsDataset.json; sourceTree = "<group>"; };
		D65A0A6F2ADB423F002C309C /* SymbolsDataset.json */ = {isa = PBXFileReference; lastKnownFileType = text.json; path = SymbolsDataset.json; sourceTree = "<group>"; };
		D65A0A702ADB424C002C309C /* FlagsDataset.json */ = {isa = PBXFileReference; lastKnownFileType = text.json; path = FlagsDataset.json; sourceTree = "<group>"; };
/* End PBXFileReference section */

/* Begin PBXFrameworksBuildPhase section */
		D60DF0E12ACF23A0007EC803 /* Frameworks */ = {
			isa = PBXFrameworksBuildPhase;
			buildActionMask = 2147483647;
			files = (
			);
			runOnlyForDeploymentPostprocessing = 0;
		};
/* End PBXFrameworksBuildPhase section */

/* Begin PBXGroup section */
		D60DF0DB2ACF23A0007EC803 = {
			isa = PBXGroup;
			children = (
				D60DF0E62ACF23A0007EC803 /* Emoji Meaning */,
				D60DF0E52ACF23A0007EC803 /* Products */,
			);
			sourceTree = "<group>";
		};
		D60DF0E52ACF23A0007EC803 /* Products */ = {
			isa = PBXGroup;
			children = (
				D60DF0E42ACF23A0007EC803 /* Emoji Meaning.app */,
			);
			name = Products;
			sourceTree = "<group>";
		};
		D60DF0E62ACF23A0007EC803 /* Emoji Meaning */ = {
			isa = PBXGroup;
			children = (
				D60DF0E72ACF23A0007EC803 /* AppDelegate.swift */,
				D60DF0E92ACF23A0007EC803 /* SceneDelegate.swift */,
				D626F5902ADADBE9004D897F /* Data */,
				D614183C2AD576C00001BFB1 /* View */,
				D61418372AD5660A0001BFB1 /* Model */,
				D61E78C72AD21092002A6B2C /* Network */,
				D61E78C32AD21030002A6B2C /* Controller */,
				D60DF0ED2ACF23A0007EC803 /* Main.storyboard */,
				D60DF0F02ACF23A0007EC803 /* Assets.xcassets */,
				D60DF0F22ACF23A0007EC803 /* LaunchScreen.storyboard */,
				D60DF0F52ACF23A0007EC803 /* Info.plist */,
			);
			path = "Emoji Meaning";
			sourceTree = "<group>";
		};
		D61418372AD5660A0001BFB1 /* Model */ = {
			isa = PBXGroup;
			children = (
				D61418382AD566180001BFB1 /* EmojiDataModel.swift */,
			);
			path = Model;
			sourceTree = "<group>";
		};
		D614183C2AD576C00001BFB1 /* View */ = {
			isa = PBXGroup;
			children = (
				D614183D2AD576E30001BFB1 /* CategoryCollectionViewCell.swift */,
			);
			path = View;
			sourceTree = "<group>";
		};
		D61E78C32AD21030002A6B2C /* Controller */ = {
			isa = PBXGroup;
			children = (
				D60DF0EB2ACF23A0007EC803 /* HomeViewController.swift */,
				D61E78D52AD365E3002A6B2C /* SearchViewController.swift */,
			);
			path = Controller;
			sourceTree = "<group>";
		};
		D61E78C72AD21092002A6B2C /* Network */ = {
			isa = PBXGroup;
			children = (
				D61418422AD5ECE00001BFB1 /* ApiService.swift */,
				D614183A2AD56F000001BFB1 /* ErrorResponse.swift */,
				D646D7EF2AD8AEF1003E26B0 /* NetworkParams.swift */,
			);
			path = Network;
			sourceTree = "<group>";
		};
		D626F5902ADADBE9004D897F /* Data */ = {
			isa = PBXGroup;
			children = (
				D626F5932ADADD49004D897F /* Smiley-and-PeopleDataset.json */,
				D65A0A6A2ADB41AE002C309C /* Animal-and-NatureDataset.json */,
				D65A0A6B2ADB41E3002C309C /* Food-and-DrinkDataset.json */,
				D65A0A6C2ADB41F1002C309C /* ActivityDataset.json */,
				D65A0A6D2ADB421E002C309C /* Travel-and-PlacesDataset.json */,
				D65A0A6E2ADB422C002C309C /* ObjectsDataset.json */,
				D65A0A6F2ADB423F002C309C /* SymbolsDataset.json */,
				D65A0A702ADB424C002C309C /* FlagsDataset.json */,
			);
			path = Data;
			sourceTree = "<group>";
		};
/* End PBXGroup section */

/* Begin PBXNativeTarget section */
		D60DF0E32ACF23A0007EC803 /* Emoji Meaning */ = {
			isa = PBXNativeTarget;
			buildConfigurationList = D60DF0F82ACF23A0007EC803 /* Build configuration list for PBXNativeTarget "Emoji Meaning" */;
			buildPhases = (
				D60DF0E02ACF23A0007EC803 /* Sources */,
				D60DF0E12ACF23A0007EC803 /* Frameworks */,
				D60DF0E22ACF23A0007EC803 /* Resources */,
			);
			buildRules = (
			);
			dependencies = (
			);
			name = "Emoji Meaning";
			productName = "Emoji Meaning";
			productReference = D60DF0E42ACF23A0007EC803 /* Emoji Meaning.app */;
			productType = "com.apple.product-type.application";
		};
/* End PBXNativeTarget section */

/* Begin PBXProject section */
		D60DF0DC2ACF23A0007EC803 /* Project object */ = {
			isa = PBXProject;
			attributes = {
				BuildIndependentTargetsInParallel = 1;
				LastSwiftUpdateCheck = 1420;
				LastUpgradeCheck = 1500;
				TargetAttributes = {
					D60DF0E32ACF23A0007EC803 = {
						CreatedOnToolsVersion = 14.2;
					};
				};
			};
			buildConfigurationList = D60DF0DF2ACF23A0007EC803 /* Build configuration list for PBXProject "Emoji Meaning" */;
			compatibilityVersion = "Xcode 14.0";
			developmentRegion = en;
			hasScannedForEncodings = 0;
			knownRegions = (
				en,
				Base,
			);
			mainGroup = D60DF0DB2ACF23A0007EC803;
			productRefGroup = D60DF0E52ACF23A0007EC803 /* Products */;
			projectDirPath = "";
			projectRoot = "";
			targets = (
				D60DF0E32ACF23A0007EC803 /* Emoji Meaning */,
			);
		};
/* End PBXProject section */

/* Begin PBXResourcesBuildPhase section */
		D60DF0E22ACF23A0007EC803 /* Resources */ = {
			isa = PBXResourcesBuildPhase;
			buildActionMask = 2147483647;
			files = (
				D60DF0F42ACF23A0007EC803 /* LaunchScreen.storyboard in Resources */,
				D60DF0F12ACF23A0007EC803 /* Assets.xcassets in Resources */,
				D60DF0EF2ACF23A0007EC803 /* Main.storyboard in Resources */,
			);
			runOnlyForDeploymentPostprocessing = 0;
		};
/* End PBXResourcesBuildPhase section */

/* Begin PBXSourcesBuildPhase section */
		D60DF0E02ACF23A0007EC803 /* Sources */ = {
			isa = PBXSourcesBuildPhase;
			buildActionMask = 2147483647;
			files = (
				D60DF0EC2ACF23A0007EC803 /* HomeViewController.swift in Sources */,
				D60DF0E82ACF23A0007EC803 /* AppDelegate.swift in Sources */,
				D61E78D62AD365E3002A6B2C /* SearchViewController.swift in Sources */,
				D614183B2AD56F000001BFB1 /* ErrorResponse.swift in Sources */,
				D61418432AD5ECE00001BFB1 /* ApiService.swift in Sources */,
				D60DF0EA2ACF23A0007EC803 /* SceneDelegate.swift in Sources */,
				D614183E2AD576E30001BFB1 /* CategoryCollectionViewCell.swift in Sources */,
				D61418392AD566180001BFB1 /* EmojiDataModel.swift in Sources */,
				D646D7F02AD8AEF1003E26B0 /* NetworkParams.swift in Sources */,
			);
			runOnlyForDeploymentPostprocessing = 0;
		};
/* End PBXSourcesBuildPhase section */

/* Begin PBXVariantGroup section */
		D60DF0ED2ACF23A0007EC803 /* Main.storyboard */ = {
			isa = PBXVariantGroup;
			children = (
				D60DF0EE2ACF23A0007EC803 /* Base */,
			);
			name = Main.storyboard;
			sourceTree = "<group>";
		};
		D60DF0F22ACF23A0007EC803 /* LaunchScreen.storyboard */ = {
			isa = PBXVariantGroup;
			children = (
				D60DF0F32ACF23A0007EC803 /* Base */,
			);
			name = LaunchScreen.storyboard;
			sourceTree = "<group>";
		};
/* End PBXVariantGroup section */

/* Begin XCBuildConfiguration section */
		D60DF0F62ACF23A0007EC803 /* Debug */ = {
			isa = XCBuildConfiguration;
			buildSettings = {
				ALWAYS_SEARCH_USER_PATHS = NO;
				CLANG_ANALYZER_NONNULL = YES;
				CLANG_ANALYZER_NUMBER_OBJECT_CONVERSION = YES_AGGRESSIVE;
				CLANG_CXX_LANGUAGE_STANDARD = "gnu++20";
				CLANG_ENABLE_MODULES = YES;
				CLANG_ENABLE_OBJC_ARC = YES;
				CLANG_ENABLE_OBJC_WEAK = YES;
				CLANG_WARN_BLOCK_CAPTURE_AUTORELEASING = YES;
				CLANG_WARN_BOOL_CONVERSION = YES;
				CLANG_WARN_COMMA = YES;
				CLANG_WARN_CONSTANT_CONVERSION = YES;
				CLANG_WARN_DEPRECATED_OBJC_IMPLEMENTATIONS = YES;
				CLANG_WARN_DIRECT_OBJC_ISA_USAGE = YES_ERROR;
				CLANG_WARN_DOCUMENTATION_COMMENTS = YES;
				CLANG_WARN_EMPTY_BODY = YES;
				CLANG_WARN_ENUM_CONVERSION = YES;
				CLANG_WARN_INFINITE_RECURSION = YES;
				CLANG_WARN_INT_CONVERSION = YES;
				CLANG_WARN_NON_LITERAL_NULL_CONVERSION = YES;
				CLANG_WARN_OBJC_IMPLICIT_RETAIN_SELF = YES;
				CLANG_WARN_OBJC_LITERAL_CONVERSION = YES;
				CLANG_WARN_OBJC_ROOT_CLASS = YES_ERROR;
				CLANG_WARN_QUOTED_INCLUDE_IN_FRAMEWORK_HEADER = YES;
				CLANG_WARN_RANGE_LOOP_ANALYSIS = YES;
				CLANG_WARN_STRICT_PROTOTYPES = YES;
				CLANG_WARN_SUSPICIOUS_MOVE = YES;
				CLANG_WARN_UNGUARDED_AVAILABILITY = YES_AGGRESSIVE;
				CLANG_WARN_UNREACHABLE_CODE = YES;
				CLANG_WARN__DUPLICATE_METHOD_MATCH = YES;
				COPY_PHASE_STRIP = NO;
				DEBUG_INFORMATION_FORMAT = dwarf;
				ENABLE_STRICT_OBJC_MSGSEND = YES;
				ENABLE_TESTABILITY = YES;
				ENABLE_USER_SCRIPT_SANDBOXING = YES;
				GCC_C_LANGUAGE_STANDARD = gnu11;
				GCC_DYNAMIC_NO_PIC = NO;
				GCC_NO_COMMON_BLOCKS = YES;
				GCC_OPTIMIZATION_LEVEL = 0;
				GCC_PREPROCESSOR_DEFINITIONS = (
					"DEBUG=1",
					"$(inherited)",
				);
				GCC_WARN_64_TO_32_BIT_CONVERSION = YES;
				GCC_WARN_ABOUT_RETURN_TYPE = YES_ERROR;
				GCC_WARN_UNDECLARED_SELECTOR = YES;
				GCC_WARN_UNINITIALIZED_AUTOS = YES_AGGRESSIVE;
				GCC_WARN_UNUSED_FUNCTION = YES;
				GCC_WARN_UNUSED_VARIABLE = YES;
				IPHONEOS_DEPLOYMENT_TARGET = 16.2;
				MTL_ENABLE_DEBUG_INFO = INCLUDE_SOURCE;
				MTL_FAST_MATH = YES;
				ONLY_ACTIVE_ARCH = YES;
				SDKROOT = iphoneos;
				SWIFT_ACTIVE_COMPILATION_CONDITIONS = DEBUG;
				SWIFT_OPTIMIZATION_LEVEL = "-Onone";
			};
			name = Debug;
		};
		D60DF0F72ACF23A0007EC803 /* Release */ = {
			isa = XCBuildConfiguration;
			buildSettings = {
				ALWAYS_SEARCH_USER_PATHS = NO;
				CLANG_ANALYZER_NONNULL = YES;
				CLANG_ANALYZER_NUMBER_OBJECT_CONVERSION = YES_AGGRESSIVE;
				CLANG_CXX_LANGUAGE_STANDARD = "gnu++20";
				CLANG_ENABLE_MODULES = YES;
				CLANG_ENABLE_OBJC_ARC = YES;
				CLANG_ENABLE_OBJC_WEAK = YES;
				CLANG_WARN_BLOCK_CAPTURE_AUTORELEASING = YES;
				CLANG_WARN_BOOL_CONVERSION = YES;
				CLANG_WARN_COMMA = YES;
				CLANG_WARN_CONSTANT_CONVERSION = YES;
				CLANG_WARN_DEPRECATED_OBJC_IMPLEMENTATIONS = YES;
				CLANG_WARN_DIRECT_OBJC_ISA_USAGE = YES_ERROR;
				CLANG_WARN_DOCUMENTATION_COMMENTS = YES;
				CLANG_WARN_EMPTY_BODY = YES;
				CLANG_WARN_ENUM_CONVERSION = YES;
				CLANG_WARN_INFINITE_RECURSION = YES;
				CLANG_WARN_INT_CONVERSION = YES;
				CLANG_WARN_NON_LITERAL_NULL_CONVERSION = YES;
				CLANG_WARN_OBJC_IMPLICIT_RETAIN_SELF = YES;
				CLANG_WARN_OBJC_LITERAL_CONVERSION = YES;
				CLANG_WARN_OBJC_ROOT_CLASS = YES_ERROR;
				CLANG_WARN_QUOTED_INCLUDE_IN_FRAMEWORK_HEADER = YES;
				CLANG_WARN_RANGE_LOOP_ANALYSIS = YES;
				CLANG_WARN_STRICT_PROTOTYPES = YES;
				CLANG_WARN_SUSPICIOUS_MOVE = YES;
				CLANG_WARN_UNGUARDED_AVAILABILITY = YES_AGGRESSIVE;
				CLANG_WARN_UNREACHABLE_CODE = YES;
				CLANG_WARN__DUPLICATE_METHOD_MATCH = YES;
				COPY_PHASE_STRIP = NO;
				DEBUG_INFORMATION_FORMAT = "dwarf-with-dsym";
				ENABLE_NS_ASSERTIONS = NO;
				ENABLE_STRICT_OBJC_MSGSEND = YES;
				ENABLE_USER_SCRIPT_SANDBOXING = YES;
				GCC_C_LANGUAGE_STANDARD = gnu11;
				GCC_NO_COMMON_BLOCKS = YES;
				GCC_WARN_64_TO_32_BIT_CONVERSION = YES;
				GCC_WARN_ABOUT_RETURN_TYPE = YES_ERROR;
				GCC_WARN_UNDECLARED_SELECTOR = YES;
				GCC_WARN_UNINITIALIZED_AUTOS = YES_AGGRESSIVE;
				GCC_WARN_UNUSED_FUNCTION = YES;
				GCC_WARN_UNUSED_VARIABLE = YES;
				IPHONEOS_DEPLOYMENT_TARGET = 16.2;
				MTL_ENABLE_DEBUG_INFO = NO;
				MTL_FAST_MATH = YES;
				SDKROOT = iphoneos;
				SWIFT_COMPILATION_MODE = wholemodule;
				SWIFT_OPTIMIZATION_LEVEL = "-O";
				VALIDATE_PRODUCT = YES;
			};
			name = Release;
		};
		D60DF0F92ACF23A0007EC803 /* Debug */ = {
			isa = XCBuildConfiguration;
			buildSettings = {
				ASSETCATALOG_COMPILER_APPICON_NAME = AppIcon;
				ASSETCATALOG_COMPILER_GLOBAL_ACCENT_COLOR_NAME = AccentColor;
				CODE_SIGN_STYLE = Automatic;
				CURRENT_PROJECT_VERSION = 1;
				DEVELOPMENT_TEAM = XXY5DGP7HA;
				GENERATE_INFOPLIST_FILE = YES;
				INFOPLIST_FILE = "Emoji Meaning/Info.plist";
				INFOPLIST_KEY_UIApplicationSupportsIndirectInputEvents = YES;
				INFOPLIST_KEY_UILaunchStoryboardName = LaunchScreen;
				INFOPLIST_KEY_UIMainStoryboardFile = Main;
				INFOPLIST_KEY_UISupportedInterfaceOrientations_iPad = "UIInterfaceOrientationPortrait UIInterfaceOrientationPortraitUpsideDown UIInterfaceOrientationLandscapeLeft UIInterfaceOrientationLandscapeRight";
				INFOPLIST_KEY_UISupportedInterfaceOrientations_iPhone = "UIInterfaceOrientationPortrait UIInterfaceOrientationLandscapeLeft UIInterfaceOrientationLandscapeRight";
				LD_RUNPATH_SEARCH_PATHS = (
					"$(inherited)",
					"@executable_path/Frameworks",
				);
				MARKETING_VERSION = 1.0;
				PRODUCT_BUNDLE_IDENTIFIER = "KritiAgarwal.Emoji-Meaning";
				PRODUCT_NAME = "$(TARGET_NAME)";
				SWIFT_EMIT_LOC_STRINGS = YES;
				SWIFT_VERSION = 5.0;
				TARGETED_DEVICE_FAMILY = "1,2";
			};
			name = Debug;
		};
		D60DF0FA2ACF23A0007EC803 /* Release */ = {
			isa = XCBuildConfiguration;
			buildSettings = {
				ASSETCATALOG_COMPILER_APPICON_NAME = AppIcon;
				ASSETCATALOG_COMPILER_GLOBAL_ACCENT_COLOR_NAME = AccentColor;
				CODE_SIGN_STYLE = Automatic;
				CURRENT_PROJECT_VERSION = 1;
				DEVELOPMENT_TEAM = XXY5DGP7HA;
				GENERATE_INFOPLIST_FILE = YES;
				INFOPLIST_FILE = "Emoji Meaning/Info.plist";
				INFOPLIST_KEY_UIApplicationSupportsIndirectInputEvents = YES;
				INFOPLIST_KEY_UILaunchStoryboardName = LaunchScreen;
				INFOPLIST_KEY_UIMainStoryboardFile = Main;
				INFOPLIST_KEY_UISupportedInterfaceOrientations_iPad = "UIInterfaceOrientationPortrait UIInterfaceOrientationPortraitUpsideDown UIInterfaceOrientationLandscapeLeft UIInterfaceOrientationLandscapeRight";
				INFOPLIST_KEY_UISupportedInterfaceOrientations_iPhone = "UIInterfaceOrientationPortrait UIInterfaceOrientationLandscapeLeft UIInterfaceOrientationLandscapeRight";
				LD_RUNPATH_SEARCH_PATHS = (
					"$(inherited)",
					"@executable_path/Frameworks",
				);
				MARKETING_VERSION = 1.0;
				PRODUCT_BUNDLE_IDENTIFIER = "KritiAgarwal.Emoji-Meaning";
				PRODUCT_NAME = "$(TARGET_NAME)";
				SWIFT_EMIT_LOC_STRINGS = YES;
				SWIFT_VERSION = 5.0;
				TARGETED_DEVICE_FAMILY = "1,2";
			};
			name = Release;
		};
/* End XCBuildConfiguration section */

/* Begin XCConfigurationList section */
		D60DF0DF2ACF23A0007EC803 /* Build configuration list for PBXProject "Emoji Meaning" */ = {
			isa = XCConfigurationList;
			buildConfigurations = (
				D60DF0F62ACF23A0007EC803 /* Debug */,
				D60DF0F72ACF23A0007EC803 /* Release */,
			);
			defaultConfigurationIsVisible = 0;
			defaultConfigurationName = Release;
		};
		D60DF0F82ACF23A0007EC803 /* Build configuration list for PBXNativeTarget "Emoji Meaning" */ = {
			isa = XCConfigurationList;
			buildConfigurations = (
				D60DF0F92ACF23A0007EC803 /* Debug */,
				D60DF0FA2ACF23A0007EC803 /* Release */,
			);
			defaultConfigurationIsVisible = 0;
			defaultConfigurationName = Release;
		};
/* End XCConfigurationList section */
	};
	rootObject = D60DF0DC2ACF23A0007EC803 /* Project object */;
}
